// !$*UTF8*$!
{
	archiveVersion = 1;
	classes = {
	};
	objectVersion = 46;
	objects = {

/* Begin PBXBuildFile section */
		FC1334641E2A931100CF7158 /* AppDelegate.swift in Sources */ = {isa = PBXBuildFile; fileRef = FC1334631E2A931100CF7158 /* AppDelegate.swift */; };
		FC1334661E2A931100CF7158 /* MainVC.swift in Sources */ = {isa = PBXBuildFile; fileRef = FC1334651E2A931100CF7158 /* MainVC.swift */; };
		FC1334691E2A931100CF7158 /* Main.storyboard in Resources */ = {isa = PBXBuildFile; fileRef = FC1334671E2A931100CF7158 /* Main.storyboard */; };
		FC13346B1E2A931100CF7158 /* Assets.xcassets in Resources */ = {isa = PBXBuildFile; fileRef = FC13346A1E2A931100CF7158 /* Assets.xcassets */; };
		FC13346E1E2A931100CF7158 /* LaunchScreen.storyboard in Resources */ = {isa = PBXBuildFile; fileRef = FC13346C1E2A931100CF7158 /* LaunchScreen.storyboard */; };
		FC8A7BFF1E2AEB580096B54D /* ViewVC.swift in Sources */ = {isa = PBXBuildFile; fileRef = FC8A7BFE1E2AEB580096B54D /* ViewVC.swift */; };
		FC8A7C061E2AEEB00096B54D /* MusicCell.swift in Sources */ = {isa = PBXBuildFile; fileRef = FC8A7C051E2AEEB00096B54D /* MusicCell.swift */; };
		FC8A7C081E2AF0090096B54D /* Burner.swift in Sources */ = {isa = PBXBuildFile; fileRef = FC8A7C071E2AF0090096B54D /* Burner.swift */; };
/* End PBXBuildFile section */

/* Begin PBXFileReference section */
		FC1334601E2A931100CF7158 /* PartyRock.app */ = {isa = PBXFileReference; explicitFileType = wrapper.application; includeInIndex = 0; path = PartyRock.app; sourceTree = BUILT_PRODUCTS_DIR; };
		FC1334631E2A931100CF7158 /* AppDelegate.swift */ = {isa = PBXFileReference; lastKnownFileType = sourcecode.swift; path = AppDelegate.swift; sourceTree = "<group>"; };
		FC1334651E2A931100CF7158 /* MainVC.swift */ = {isa = PBXFileReference; lastKnownFileType = sourcecode.swift; path = MainVC.swift; sourceTree = "<group>"; };
		FC1334681E2A931100CF7158 /* Base */ = {isa = PBXFileReference; lastKnownFileType = file.storyboard; name = Base; path = Base.lproj/Main.storyboard; sourceTree = "<group>"; };
		FC13346A1E2A931100CF7158 /* Assets.xcassets */ = {isa = PBXFileReference; lastKnownFileType = folder.assetcatalog; path = Assets.xcassets; sourceTree = "<group>"; };
		FC13346D1E2A931100CF7158 /* Base */ = {isa = PBXFileReference; lastKnownFileType = file.storyboard; name = Base; path = Base.lproj/LaunchScreen.storyboard; sourceTree = "<group>"; };
		FC13346F1E2A931100CF7158 /* Info.plist */ = {isa = PBXFileReference; lastKnownFileType = text.plist.xml; path = Info.plist; sourceTree = "<group>"; };
		FC8A7BFE1E2AEB580096B54D /* ViewVC.swift */ = {isa = PBXFileReference; fileEncoding = 4; lastKnownFileType = sourcecode.swift; path = ViewVC.swift; sourceTree = "<group>"; };
		FC8A7C051E2AEEB00096B54D /* MusicCell.swift */ = {isa = PBXFileReference; fileEncoding = 4; lastKnownFileType = sourcecode.swift; path = MusicCell.swift; sourceTree = "<group>"; };
		FC8A7C071E2AF0090096B54D /* Burner.swift */ = {isa = PBXFileReference; fileEncoding = 4; lastKnownFileType = sourcecode.swift; path = Burner.swift; sourceTree = "<group>"; };
/* End PBXFileReference section */

/* Begin PBXFrameworksBuildPhase section */
		FC13345D1E2A931100CF7158 /* Frameworks */ = {
			isa = PBXFrameworksBuildPhase;
			buildActionMask = 2147483647;
			files = (
			);
			runOnlyForDeploymentPostprocessing = 0;
		};
/* End PBXFrameworksBuildPhase section */

/* Begin PBXGroup section */
		FC1334571E2A931100CF7158 = {
			isa = PBXGroup;
			children = (
				FC1334621E2A931100CF7158 /* PartyRock */,
				FC1334611E2A931100CF7158 /* Products */,
			);
			sourceTree = "<group>";
		};
		FC1334611E2A931100CF7158 /* Products */ = {
			isa = PBXGroup;
			children = (
				FC1334601E2A931100CF7158 /* PartyRock.app */,
			);
			name = Products;
			sourceTree = "<group>";
		};
		FC1334621E2A931100CF7158 /* PartyRock */ = {
			isa = PBXGroup;
			children = (
				FC8A7C021E2AECEE0096B54D /* Controller */,
				FC8A7BFB1E2ACFEF0096B54D /* View */,
				FC8A7BFA1E2ACFEA0096B54D /* Model */,
				FC1334631E2A931100CF7158 /* AppDelegate.swift */,
				FC1334671E2A931100CF7158 /* Main.storyboard */,
				FC13346A1E2A931100CF7158 /* Assets.xcassets */,
				FC13346C1E2A931100CF7158 /* LaunchScreen.storyboard */,
				FC13346F1E2A931100CF7158 /* Info.plist */,
			);
			path = PartyRock;
			sourceTree = "<group>";
		};
		FC8A7BFA1E2ACFEA0096B54D /* Model */ = {
			isa = PBXGroup;
			children = (
				FC8A7C071E2AF0090096B54D /* Burner.swift */,
			);
			name = Model;
			sourceTree = "<group>";
		};
		FC8A7BFB1E2ACFEF0096B54D /* View */ = {
			isa = PBXGroup;
			children = (
				FC8A7C051E2AEEB00096B54D /* MusicCell.swift */,
			);
			name = View;
			sourceTree = "<group>";
		};
		FC8A7C021E2AECEE0096B54D /* Controller */ = {
			isa = PBXGroup;
			children = (
				FC1334651E2A931100CF7158 /* MainVC.swift */,
				FC8A7BFE1E2AEB580096B54D /* ViewVC.swift */,
			);
			name = Controller;
			sourceTree = "<group>";
		};
/* End PBXGroup section */

/* Begin PBXNativeTarget section */
		FC13345F1E2A931100CF7158 /* PartyRock */ = {
			isa = PBXNativeTarget;
			buildConfigurationList = FC1334721E2A931100CF7158 /* Build configuration list for PBXNativeTarget "PartyRock" */;
			buildPhases = (
				FC13345C1E2A931100CF7158 /* Sources */,
				FC13345D1E2A931100CF7158 /* Frameworks */,
				FC13345E1E2A931100CF7158 /* Resources */,
			);
			buildRules = (
			);
			dependencies = (
			);
			name = PartyRock;
			productName = PartyRock;
			productReference = FC1334601E2A931100CF7158 /* PartyRock.app */;
			productType = "com.apple.product-type.application";
		};
/* End PBXNativeTarget section */

/* Begin PBXProject section */
		FC1334581E2A931100CF7158 /* Project object */ = {
			isa = PBXProject;
			attributes = {
				LastSwiftUpdateCheck = 0800;
				LastUpgradeCheck = 0800;
				ORGANIZATIONNAME = AdamSeppi;
				TargetAttributes = {
					FC13345F1E2A931100CF7158 = {
						CreatedOnToolsVersion = 8.0;
						DevelopmentTeam = 8YA35LDKMD;
						ProvisioningStyle = Automatic;
					};
				};
			};
			buildConfigurationList = FC13345B1E2A931100CF7158 /* Build configuration list for PBXProject "PartyRock" */;
			compatibilityVersion = "Xcode 3.2";
			developmentRegion = English;
			hasScannedForEncodings = 0;
			knownRegions = (
				en,
				Base,
			);
			mainGroup = FC1334571E2A931100CF7158;
			productRefGroup = FC1334611E2A931100CF7158 /* Products */;
			projectDirPath = "";
			projectRoot = "";
			targets = (
				FC13345F1E2A931100CF7158 /* PartyRock */,
			);
		};
/* End PBXProject section */

/* Begin PBXResourcesBuildPhase section */
		FC13345E1E2A931100CF7158 /* Resources */ = {
			isa = PBXResourcesBuildPhase;
			buildActionMask = 2147483647;
			files = (
				FC13346E1E2A931100CF7158 /* LaunchScreen.storyboard in Resources */,
				FC13346B1E2A931100CF7158 /* Assets.xcassets in Resources */,
				FC1334691E2A931100CF7158 /* Main.storyboard in Resources */,
			);
			runOnlyForDeploymentPostprocessing = 0;
		};
/* End PBXResourcesBuildPhase section */

/* Begin PBXSourcesBuildPhase section */
		FC13345C1E2A931100CF7158 /* Sources */ = {
			isa = PBXSourcesBuildPhase;
			buildActionMask = 2147483647;
			files = (
				FC1334661E2A931100CF7158 /* MainVC.swift in Sources */,
				FC8A7BFF1E2AEB580096B54D /* ViewVC.swift in Sources */,
				FC1334641E2A931100CF7158 /* AppDelegate.swift in Sources */,
				FC8A7C061E2AEEB00096B54D /* MusicCell.swift in Sources */,
				FC8A7C081E2AF0090096B54D /* Burner.swift in Sources */,
			);
			runOnlyForDeploymentPostprocessing = 0;
		};
/* End PBXSourcesBuildPhase section */

/* Begin PBXVariantGroup section */
		FC1334671E2A931100CF7158 /* Main.storyboard */ = {
			isa = PBXVariantGroup;
			children = (
				FC1334681E2A931100CF7158 /* Base */,
			);
			name = Main.storyboard;
			sourceTree = "<group>";
		};
		FC13346C1E2A931100CF7158 /* LaunchScreen.storyboard */ = {
			isa = PBXVariantGroup;
			children = (
				FC13346D1E2A931100CF7158 /* Base */,
			);
			name = LaunchScreen.storyboard;
			sourceTree = "<group>";
		};
/* End PBXVariantGroup section */

/* Begin XCBuildConfiguration section */
		FC1334701E2A931100CF7158 /* Debug */ = {
			isa = XCBuildConfiguration;
			buildSettings = {
				ALWAYS_SEARCH_USER_PATHS = NO;
				CLANG_ANALYZER_NONNULL = YES;
				CLANG_CXX_LANGUAGE_STANDARD = "gnu++0x";
				CLANG_CXX_LIBRARY = "libc++";
				CLANG_ENABLE_MODULES = YES;
				CLANG_ENABLE_OBJC_ARC = YES;
				CLANG_WARN_BOOL_CONVERSION = YES;
				CLANG_WARN_CONSTANT_CONVERSION = YES;
				CLANG_WARN_DIRECT_OBJC_ISA_USAGE = YES_ERROR;
				CLANG_WARN_DOCUMENTATION_COMMENTS = YES;
				CLANG_WARN_EMPTY_BODY = YES;
				CLANG_WARN_ENUM_CONVERSION = YES;
				CLANG_WARN_INFINITE_RECURSION = YES;
				CLANG_WARN_INT_CONVERSION = YES;
				CLANG_WARN_OBJC_ROOT_CLASS = YES_ERROR;
				CLANG_WARN_SUSPICIOUS_MOVES = YES;
				CLANG_WARN_UNREACHABLE_CODE = YES;
				CLANG_WARN__DUPLICATE_METHOD_MATCH = YES;
				"CODE_SIGN_IDENTITY[sdk=iphoneos*]" = "iPhone Developer";
				COPY_PHASE_STRIP = NO;
				DEBUG_INFORMATION_FORMAT = dwarf;
				ENABLE_STRICT_OBJC_MSGSEND = YES;
				ENABLE_TESTABILITY = YES;
				GCC_C_LANGUAGE_STANDARD = gnu99;
				GCC_DYNAMIC_NO_PIC = NO;
				GCC_NO_COMMON_BLOCKS = YES;
				GCC_OPTIMIZATION_LEVEL = 0;
				GCC_PREPROCESSOR_DEFINITIONS = (
					"DEBUG=1",
					"$(inherited)",
				);
				GCC_WARN_64_TO_32_BIT_CONVERSION = YES;
				GCC_WARN_ABOUT_RETURN_TYPE = YES_ERROR;
				GCC_WARN_UNDECLARED_SELECTOR = YES;
				GCC_WARN_UNINITIALIZED_AUTOS = YES_AGGRESSIVE;
				GCC_WARN_UNUSED_FUNCTION = YES;
				GCC_WARN_UNUSED_VARIABLE = YES;
				IPHONEOS_DEPLOYMENT_TARGET = 10.0;
				MTL_ENABLE_DEBUG_INFO = YES;
				ONLY_ACTIVE_ARCH = YES;
				SDKROOT = iphoneos;
				SWIFT_ACTIVE_COMPILATION_CONDITIONS = DEBUG;
				SWIFT_OPTIMIZATION_LEVEL = "-Onone";
				TARGETED_DEVICE_FAMILY = "1,2";
			};
			name = Debug;
		};
		FC1334711E2A931100CF7158 /* Release */ = {
			isa = XCBuildConfiguration;
			buildSettings = {
				ALWAYS_SEARCH_USER_PATHS = NO;
				CLANG_ANALYZER_NONNULL = YES;
				CLANG_CXX_LANGUAGE_STANDARD = "gnu++0x";
				CLANG_CXX_LIBRARY = "libc++";
				CLANG_ENABLE_MODULES = YES;
				CLANG_ENABLE_OBJC_ARC = YES;
				CLANG_WARN_BOOL_CONVERSION = YES;
				CLANG_WARN_CONSTANT_CONVERSION = YES;
				CLANG_WARN_DIRECT_OBJC_ISA_USAGE = YES_ERROR;
				CLANG_WARN_DOCUMENTATION_COMMENTS = YES;
				CLANG_WARN_EMPTY_BODY = YES;
				CLANG_WARN_ENUM_CONVERSION = YES;
				CLANG_WARN_INFINITE_RECURSION = YES;
				CLANG_WARN_INT_CONVERSION = YES;
				CLANG_WARN_OBJC_ROOT_CLASS = YES_ERROR;
				CLANG_WARN_SUSPICIOUS_MOVES = YES;
				CLANG_WARN_UNREACHABLE_CODE = YES;
				CLANG_WARN__DUPLICATE_METHOD_MATCH = YES;
				"CODE_SIGN_IDENTITY[sdk=iphoneos*]" = "iPhone Developer";
				COPY_PHASE_STRIP = NO;
				DEBUG_INFORMATION_FORMAT = "dwarf-with-dsym";
				ENABLE_NS_ASSERTIONS = NO;
				ENABLE_STRICT_OBJC_MSGSEND = YES;
				GCC_C_LANGUAGE_STANDARD = gnu99;
				GCC_NO_COMMON_BLOCKS = YES;
				GCC_WARN_64_TO_32_BIT_CONVERSION = YES;
				GCC_WARN_ABOUT_RETURN_TYPE = YES_ERROR;
				GCC_WARN_UNDECLARED_SELECTOR = YES;
				GCC_WARN_UNINITIALIZED_AUTOS = YES_AGGRESSIVE;
				GCC_WARN_UNUSED_FUNCTION = YES;
				GCC_WARN_UNUSED_VARIABLE = YES;
				IPHONEOS_DEPLOYMENT_TARGET = 10.0;
				MTL_ENABLE_DEBUG_INFO = NO;
				SDKROOT = iphoneos;
				SWIFT_OPTIMIZATION_LEVEL = "-Owholemodule";
				TARGETED_DEVICE_FAMILY = "1,2";
				VALIDATE_PRODUCT = YES;
			};
			name = Release;
		};
		FC1334731E2A931100CF7158 /* Debug */ = {
			isa = XCBuildConfiguration;
			buildSettings = {
				ASSETCATALOG_COMPILER_APPICON_NAME = AppIcon;
				DEVELOPMENT_TEAM = 8YA35LDKMD;
				INFOPLIST_FILE = PartyRock/Info.plist;
				LD_RUNPATH_SEARCH_PATHS = "$(inherited) @executable_path/Frameworks";
				PRODUCT_BUNDLE_IDENTIFIER = AdamSeppi.PartyRock;
				PRODUCT_NAME = "$(TARGET_NAME)";
				SWIFT_VERSION = 3.0;
			};
			name = Debug;
		};
		FC1334741E2A931100CF7158 /* Release */ = {
			isa = XCBuildConfiguration;
			buildSettings = {
				ASSETCATALOG_COMPILER_APPICON_NAME = AppIcon;
				DEVELOPMENT_TEAM = 8YA35LDKMD;
				INFOPLIST_FILE = PartyRock/Info.plist;
				LD_RUNPATH_SEARCH_PATHS = "$(inherited) @executable_path/Frameworks";
				PRODUCT_BUNDLE_IDENTIFIER = AdamSeppi.PartyRock;
				PRODUCT_NAME = "$(TARGET_NAME)";
				SWIFT_VERSION = 3.0;
			};
			name = Release;
		};
/* End XCBuildConfiguration section */

/* Begin XCConfigurationList section */
		FC13345B1E2A931100CF7158 /* Build configuration list for PBXProject "PartyRock" */ = {
			isa = XCConfigurationList;
			buildConfigurations = (
				FC1334701E2A931100CF7158 /* Debug */,
				FC1334711E2A931100CF7158 /* Release */,
			);
			defaultConfigurationIsVisible = 0;
			defaultConfigurationName = Release;
		};
		FC1334721E2A931100CF7158 /* Build configuration list for PBXNativeTarget "PartyRock" */ = {
			isa = XCConfigurationList;
			buildConfigurations = (
				FC1334731E2A931100CF7158 /* Debug */,
				FC1334741E2A931100CF7158 /* Release */,
			);
			defaultConfigurationIsVisible = 0;
			defaultConfigurationName = Release;
		};
/* End XCConfigurationList section */
	};
	rootObject = FC1334581E2A931100CF7158 /* Project object */;
}
